
Microsoft Visual Studio Solution File, Format Version 12.00
# Visual Studio Version 17
VisualStudioVersion = 17.5.002.0
MinimumVisualStudioVersion = 10.0.40219.1
Project("{9A19103F-16F7-4668-BE54-9A1E7A4F7556}") = "api_my_web", "api_my_web.csproj", "{FA6D8171-E8C1-4EB7-9D3D-A3AAA88AD7BB}"
EndProject
Global
	GlobalSection(SolutionConfigurationPlatforms) = preSolution
		Debug|Any CPU = Debug|Any CPU
		Release|Any CPU = Release|Any CPU
	EndGlobalSection
	GlobalSection(ProjectConfigurationPlatforms) = postSolution
		{FA6D8171-E8C1-4EB7-9D3D-A3AAA88AD7BB}.Debug|Any CPU.ActiveCfg = Debug|Any CPU
		{FA6D8171-E8C1-4EB7-9D3D-A3AAA88AD7BB}.Debug|Any CPU.Build.0 = Debug|Any CPU
		{FA6D8171-E8C1-4EB7-9D3D-A3AAA88AD7BB}.Release|Any CPU.ActiveCfg = Release|Any CPU
		{FA6D8171-E8C1-4EB7-9D3D-A3AAA88AD7BB}.Release|Any CPU.Build.0 = Release|Any CPU
	EndGlobalSection
	GlobalSection(SolutionProperties) = preSolution
		HideSolutionNode = FALSE
	EndGlobalSection
	GlobalSection(ExtensibilityGlobals) = postSolution
		SolutionGuid = {DA8212DC-ED06-4F0A-B716-1D013D7E874D}
	EndGlobalSection
EndGlobal
